
Microsoft Visual Studio Solution File, Format Version 12.00
# Visual Studio Version 16
VisualStudioVersion = 16.0.31515.178
MinimumVisualStudioVersion = 10.0.40219.1
Project("{FAE04EC0-301F-11D3-BF4B-00C04F79EFBC}") = "LibraryAPI", "LibraryAPI\LibraryAPI.csproj", "{B06BBE75-EDF9-4D92-A7D4-65016623F609}"
EndProject
Global
	GlobalSection(SolutionConfigurationPlatforms) = preSolution
		Debug|Any CPU = Debug|Any CPU
		Release|Any CPU = Release|Any CPU
	EndGlobalSection
	GlobalSection(ProjectConfigurationPlatforms) = postSolution
		{B06BBE75-EDF9-4D92-A7D4-65016623F609}.Debug|Any CPU.ActiveCfg = Debug|Any CPU
		{B06BBE75-EDF9-4D92-A7D4-65016623F609}.Debug|Any CPU.Build.0 = Debug|Any CPU
		{B06BBE75-EDF9-4D92-A7D4-65016623F609}.Release|Any CPU.ActiveCfg = Release|Any CPU
		{B06BBE75-EDF9-4D92-A7D4-65016623F609}.Release|Any CPU.Build.0 = Release|Any CPU
	EndGlobalSection
	GlobalSection(SolutionProperties) = preSolution
		HideSolutionNode = FALSE
	EndGlobalSection
	GlobalSection(ExtensibilityGlobals) = postSolution
		SolutionGuid = {83F35758-7C8E-480B-9E6A-DF8226FC00C5}
	EndGlobalSection
EndGlobal
